# This file is autogenerated, do not edit; changes may be undone by the next 'dep ensure'.


[[projects]]
  branch = "master"
  name = "github.com/Tinee/hackathon2018"
  packages = ["auth"]
  revision = "f2a54bebd2f63150eabcc0ec88cd0f286456b057"

[[projects]]
  name = "github.com/aws/aws-lambda-go"
  packages = [
    "events",
    "lambda",
    "lambda/messages",
    "lambdacontext"
  ]
  revision = "6e2e37798efbb1dfd8e9c6681702e683a6046517"
  version = "v1.0.1"

[solve-meta]
  analyzer-name = "dep"
  analyzer-version = 1
  inputs-digest = "09133c98b6a1cee903f686cd9986943e7f736d9426d5e7a46fad9c006aa48a8b"
  solver-name = "gps-cdcl"
  solver-version = 1
