# This file is autogenerated, do not edit; changes may be undone by the next 'dep ensure'.


[[projects]]
  branch = "master"
  name = "github.com/Tinee/hackathon2018"
  packages = [
    "asdasd",
    "domain",
    "repository"
  ]
  revision = "9a055ae9bd8873f4ca3a40f72395e96ade6b5691"

[[projects]]
  name = "github.com/aws/aws-lambda-go"
  packages = [
    "events",
    "lambda",
    "lambda/messages",
    "lambdacontext"
  ]
  revision = "6e2e37798efbb1dfd8e9c6681702e683a6046517"
  version = "v1.0.1"

[[projects]]
  branch = "master"
  name = "github.com/globalsign/mgo"
  packages = [
    ".",
    "bson",
    "internal/json",
    "internal/sasl",
    "internal/scram"
  ]
  revision = "efe0945164a7e582241f37ae8983c075f8f2e870"

[solve-meta]
  analyzer-name = "dep"
  analyzer-version = 1
  inputs-digest = "6293d08439835aced867d4bf3e6ac077a4384cce18991c0cb1456aaeb1ed1c8a"
  solver-name = "gps-cdcl"
  solver-version = 1
